<?xml version="1.0" encoding="utf-8"?>
<Project ToolsVersion="4.0" xmlns="http://schemas.microsoft.com/developer/msbuild/2003">
  <ItemGroup>
    <Filter Include="Source Files">
      <UniqueIdentifier>{4FC737F1-C7A5-4376-A066-2A32D752A2FF}</UniqueIdentifier>
      <Extensions>cpp;c;cc;cxx;def;odl;idl;hpj;bat;asm;asmx</Extensions>
    </Filter>
    <Filter Include="Header Files">
      <UniqueIdentifier>{93995380-89BD-4b04-88EB-625FBE52EBFB}</UniqueIdentifier>
      <Extensions>h;hpp;hxx;hm;inl;inc;xsd</Extensions>
    </Filter>
    <Filter Include="Resource Files">
      <UniqueIdentifier>{67DA6AB6-F800-4c08-8B7A-83BB121AAD01}</UniqueIdentifier>
      <Extensions>rc;ico;cur;bmp;dlg;rc2;rct;bin;rgs;gif;jpg;jpeg;jpe;resx;tiff;tif;png;wav;mfcribbon-ms</Extensions>
    </Filter>
    <Filter Include="Source Files\net">
      <UniqueIdentifier>{a94dbce6-6e12-4131-8484-066cde7e987a}</UniqueIdentifier>
    </Filter>
    <Filter Include="Header Files\net">
      <UniqueIdentifier>{c6308e38-09fd-4189-94e0-e7aaa193cbb1}</UniqueIdentifier>
    </Filter>
    <Filter Include="Header Files\concurrent">
      <UniqueIdentifier>{f031ebb4-aa91-43c9-8e9a-7f3cbdbd272e}</UniqueIdentifier>
    </Filter>
    <Filter Include="Source Files\concurrent">
      <UniqueIdentifier>{11e26c4c-a804-4956-855d-b1676d18954e}</UniqueIdentifier>
    </Filter>
    <Filter Include="Header Files\io">
      <UniqueIdentifier>{a7fc59aa-d628-4af5-b219-304fd2d69e5a}</UniqueIdentifier>
    </Filter>
    <Filter Include="Source Files\io">
      <UniqueIdentifier>{5e872b97-0f86-4bbf-a2f2-638b47c80c0e}</UniqueIdentifier>
    </Filter>
  </ItemGroup>
  <ItemGroup>
    <ClInclude Include="Bootstrap.h">
      <Filter>Header Files</Filter>
    </ClInclude>
    <ClInclude Include="net\SocketException.h">
      <Filter>Header Files\net</Filter>
    </ClInclude>
    <ClInclude Include="net\TCPSocket.h">
      <Filter>Header Files\net</Filter>
    </ClInclude>
    <ClInclude Include="concurrent\ConcurrentException.h">
      <Filter>Header Files\concurrent</Filter>
    </ClInclude>
    <ClInclude Include="concurrent\CriticalSection.h">
      <Filter>Header Files\concurrent</Filter>
    </ClInclude>
    <ClInclude Include="concurrent\Runnable.h">
      <Filter>Header Files\concurrent</Filter>
    </ClInclude>
    <ClInclude Include="concurrent\Thread.h">
      <Filter>Header Files\concurrent</Filter>
    </ClInclude>
    <ClInclude Include="AsteroidsServer.h">
      <Filter>Header Files</Filter>
    </ClInclude>
    <ClInclude Include="ClientHandler.h">
      <Filter>Header Files</Filter>
    </ClInclude>
    <ClInclude Include="AsteroidsClient.h">
      <Filter>Header Files</Filter>
    </ClInclude>
    <ClInclude Include="AsteroidsMsg.h">
      <Filter>Header Files</Filter>
    </ClInclude>
    <ClInclude Include="AsteroidsEventList.h">
      <Filter>Header Files</Filter>
    </ClInclude>
    <ClInclude Include="concurrent\Lock.h">
      <Filter>Header Files\concurrent</Filter>
    </ClInclude>
    <ClInclude Include="concurrent\Mutex.h">
      <Filter>Header Files\concurrent</Filter>
    </ClInclude>
    <ClInclude Include="io\Dir.h">
      <Filter>Header Files\io</Filter>
    </ClInclude>
    <ClInclude Include="AsteroidsEvent.h">
      <Filter>Header Files</Filter>
    </ClInclude>
    <ClInclude Include="AsteroidsServerListener.h">
      <Filter>Header Files</Filter>
    </ClInclude>
    <ClInclude Include="AsteroidsMenuListener.h">
      <Filter>Header Files</Filter>
    </ClInclude>
  </ItemGroup>
  <ItemGroup>
    <ClCompile Include="Bootstrap.cpp">
      <Filter>Source Files</Filter>
    </ClCompile>
    <ClCompile Include="net\TCPSocket.cpp">
      <Filter>Source Files\net</Filter>
    </ClCompile>
    <ClCompile Include="concurrent\ConcurrentException.cpp">
      <Filter>Source Files\concurrent</Filter>
    </ClCompile>
    <ClCompile Include="concurrent\CriticalSection.cpp">
      <Filter>Source Files\concurrent</Filter>
    </ClCompile>
    <ClCompile Include="concurrent\Runnable.cpp">
      <Filter>Source Files\concurrent</Filter>
    </ClCompile>
    <ClCompile Include="concurrent\Thread.cpp">
      <Filter>Source Files\concurrent</Filter>
    </ClCompile>
    <ClCompile Include="AsteroidsServer.cpp">
      <Filter>Source Files</Filter>
    </ClCompile>
    <ClCompile Include="ClientHandler.cpp">
      <Filter>Source Files</Filter>
    </ClCompile>
    <ClCompile Include="AsteroidsClient.cpp">
      <Filter>Source Files</Filter>
    </ClCompile>
    <ClCompile Include="AsteroidsMsg.cpp">
      <Filter>Source Files</Filter>
    </ClCompile>
    <ClCompile Include="AsteroidsEventList.cpp">
      <Filter>Source Files</Filter>
    </ClCompile>
    <ClCompile Include="concurrent\Lock.cpp">
      <Filter>Source Files\concurrent</Filter>
    </ClCompile>
    <ClCompile Include="concurrent\Mutex.cpp">
      <Filter>Source Files\concurrent</Filter>
    </ClCompile>
    <ClCompile Include="io\Dir.cpp">
      <Filter>Source Files\io</Filter>
    </ClCompile>
    <ClCompile Include="AsteroidsServerListener.cpp">
      <Filter>Source Files</Filter>
    </ClCompile>
    <ClCompile Include="AsteroidsMenuListener.cpp">
      <Filter>Source Files</Filter>
    </ClCompile>
    <ClCompile Include="net\SocketException.cpp">
      <Filter>Source Files\net</Filter>
    </ClCompile>
  </ItemGroup>
</Project>